
Microsoft Visual Studio Solution File, Format Version 12.00
# Visual Studio Version 16
VisualStudioVersion = 16.0.31702.278
MinimumVisualStudioVersion = 10.0.40219.1
Project("{FAE04EC0-301F-11D3-BF4B-00C04F79EFBC}") = "ZD2", "ZD2.csproj", "{589CB5E2-EC23-44A9-9ED3-65A4A66DEBCE}"
EndProject
Global
	GlobalSection(SolutionConfigurationPlatforms) = preSolution
		Debug|Any CPU = Debug|Any CPU
		Release|Any CPU = Release|Any CPU
	EndGlobalSection
	GlobalSection(ProjectConfigurationPlatforms) = postSolution
		{589CB5E2-EC23-44A9-9ED3-65A4A66DEBCE}.Debug|Any CPU.ActiveCfg = Debug|Any CPU
		{589CB5E2-EC23-44A9-9ED3-65A4A66DEBCE}.Debug|Any CPU.Build.0 = Debug|Any CPU
		{589CB5E2-EC23-44A9-9ED3-65A4A66DEBCE}.Release|Any CPU.ActiveCfg = Release|Any CPU
		{589CB5E2-EC23-44A9-9ED3-65A4A66DEBCE}.Release|Any CPU.Build.0 = Release|Any CPU
	EndGlobalSection
	GlobalSection(SolutionProperties) = preSolution
		HideSolutionNode = FALSE
	EndGlobalSection
	GlobalSection(ExtensibilityGlobals) = postSolution
		SolutionGuid = {11300BAB-28A5-43BC-8661-F130FEC476D7}
	EndGlobalSection
EndGlobal
